
Microsoft Visual Studio Solution File, Format Version 12.00
# Visual Studio Version 17
VisualStudioVersion = 17.11.35222.181
MinimumVisualStudioVersion = 10.0.40219.1
Project("{FAE04EC0-301F-11D3-BF4B-00C04F79EFBC}") = "Практическая№1 Трусов", "Практическая№1 Трусов\Практическая№1 Трусов.csproj", "{B7A3DF60-1ECB-466C-8C56-09704496BB2E}"
EndProject
Project("{FAE04EC0-301F-11D3-BF4B-00C04F79EFBC}") = "ClassLibrary1", "ClassLibrary1\ClassLibrary1.csproj", "{92F0ED24-AB02-4CDE-B3DB-CC38A15A9CEA}"
EndProject
Global
	GlobalSection(SolutionConfigurationPlatforms) = preSolution
		Debug|Any CPU = Debug|Any CPU
		Release|Any CPU = Release|Any CPU
	EndGlobalSection
	GlobalSection(ProjectConfigurationPlatforms) = postSolution
		{B7A3DF60-1ECB-466C-8C56-09704496BB2E}.Debug|Any CPU.ActiveCfg = Debug|Any CPU
		{B7A3DF60-1ECB-466C-8C56-09704496BB2E}.Debug|Any CPU.Build.0 = Debug|Any CPU
		{B7A3DF60-1ECB-466C-8C56-09704496BB2E}.Release|Any CPU.ActiveCfg = Release|Any CPU
		{B7A3DF60-1ECB-466C-8C56-09704496BB2E}.Release|Any CPU.Build.0 = Release|Any CPU
		{92F0ED24-AB02-4CDE-B3DB-CC38A15A9CEA}.Debug|Any CPU.ActiveCfg = Debug|Any CPU
		{92F0ED24-AB02-4CDE-B3DB-CC38A15A9CEA}.Debug|Any CPU.Build.0 = Debug|Any CPU
		{92F0ED24-AB02-4CDE-B3DB-CC38A15A9CEA}.Release|Any CPU.ActiveCfg = Release|Any CPU
		{92F0ED24-AB02-4CDE-B3DB-CC38A15A9CEA}.Release|Any CPU.Build.0 = Release|Any CPU
	EndGlobalSection
	GlobalSection(SolutionProperties) = preSolution
		HideSolutionNode = FALSE
	EndGlobalSection
	GlobalSection(ExtensibilityGlobals) = postSolution
		SolutionGuid = {4BE0E7C4-8292-43C3-8967-A31649B8A943}
	EndGlobalSection
EndGlobal
